
Microsoft Visual Studio Solution File, Format Version 12.00
# Visual Studio Version 17
VisualStudioVersion = 17.9.34607.119
MinimumVisualStudioVersion = 10.0.40219.1
Project("{9A19103F-16F7-4668-BE54-9A1E7A4F7556}") = "SZGYA13C_Oscar", "SZGYA13C_Oscar\SZGYA13C_Oscar.csproj", "{2D36BF0F-4D67-4C56-964C-FC0A5C948CFA}"
EndProject
Project("{2150E333-8FDC-42A3-9474-1A3956D46DE8}") = "Solution Items", "Solution Items", "{CA5C2E01-2D20-452F-8430-89B208DD1E55}"
	ProjectSection(SolutionItems) = preProject
		xaml.txt = xaml.txt
	EndProjectSection
EndProject
Global
	GlobalSection(SolutionConfigurationPlatforms) = preSolution
		Debug|Any CPU = Debug|Any CPU
		Release|Any CPU = Release|Any CPU
	EndGlobalSection
	GlobalSection(ProjectConfigurationPlatforms) = postSolution
		{2D36BF0F-4D67-4C56-964C-FC0A5C948CFA}.Debug|Any CPU.ActiveCfg = Debug|Any CPU
		{2D36BF0F-4D67-4C56-964C-FC0A5C948CFA}.Debug|Any CPU.Build.0 = Debug|Any CPU
		{2D36BF0F-4D67-4C56-964C-FC0A5C948CFA}.Release|Any CPU.ActiveCfg = Release|Any CPU
		{2D36BF0F-4D67-4C56-964C-FC0A5C948CFA}.Release|Any CPU.Build.0 = Release|Any CPU
	EndGlobalSection
	GlobalSection(SolutionProperties) = preSolution
		HideSolutionNode = FALSE
	EndGlobalSection
	GlobalSection(ExtensibilityGlobals) = postSolution
		SolutionGuid = {3684E72E-7F62-445C-9E51-DF3A04B5E5B0}
	EndGlobalSection
EndGlobal
